
Microsoft Visual Studio Solution File, Format Version 12.00
# Visual Studio 14
VisualStudioVersion = 14.0.25420.1
MinimumVisualStudioVersion = 10.0.40219.1
Project("{FAE04EC0-301F-11D3-BF4B-00C04F79EFBC}") = "WebPage", "WebPage\WebPage.csproj", "{8F7DA744-491D-46DC-88C7-D36F0AFDA481}"
EndProject
Project("{2150E333-8FDC-42A3-9474-1A3956D46DE8}") = "应用程序", "应用程序", "{A52DC26C-F57C-4044-B0FE-8B48748F60AE}"
EndProject
Project("{2150E333-8FDC-42A3-9474-1A3956D46DE8}") = "应用服务", "应用服务", "{88991D07-FD45-4A9B-B914-F2A120F13A5A}"
EndProject
Project("{2150E333-8FDC-42A3-9474-1A3956D46DE8}") = "应用类库", "应用类库", "{66A24DCA-CCAC-41F0-84CD-823658C02098}"
EndProject
Project("{FAE04EC0-301F-11D3-BF4B-00C04F79EFBC}") = "Domain", "Domain\Domain.csproj", "{384ED220-A952-4001-82E6-C35CE24354AE}"
EndProject
Project("{FAE04EC0-301F-11D3-BF4B-00C04F79EFBC}") = "Service", "Service\Service.csproj", "{897D8861-E129-495F-AAD8-82FC21BF4408}"
EndProject
Project("{FAE04EC0-301F-11D3-BF4B-00C04F79EFBC}") = "Common", "Common\Common.csproj", "{1CBC6194-19A7-4162-811E-3A565A8B51EA}"
EndProject
Global
	GlobalSection(SolutionConfigurationPlatforms) = preSolution
		Debug|Any CPU = Debug|Any CPU
		Debug|ARM = Debug|ARM
		Debug|x64 = Debug|x64
		Debug|x86 = Debug|x86
		Release|Any CPU = Release|Any CPU
		Release|ARM = Release|ARM
		Release|x64 = Release|x64
		Release|x86 = Release|x86
	EndGlobalSection
	GlobalSection(ProjectConfigurationPlatforms) = postSolution
		{8F7DA744-491D-46DC-88C7-D36F0AFDA481}.Debug|Any CPU.ActiveCfg = Debug|Any CPU
		{8F7DA744-491D-46DC-88C7-D36F0AFDA481}.Debug|Any CPU.Build.0 = Debug|Any CPU
		{8F7DA744-491D-46DC-88C7-D36F0AFDA481}.Debug|ARM.ActiveCfg = Debug|Any CPU
		{8F7DA744-491D-46DC-88C7-D36F0AFDA481}.Debug|ARM.Build.0 = Debug|Any CPU
		{8F7DA744-491D-46DC-88C7-D36F0AFDA481}.Debug|x64.ActiveCfg = Debug|Any CPU
		{8F7DA744-491D-46DC-88C7-D36F0AFDA481}.Debug|x64.Build.0 = Debug|Any CPU
		{8F7DA744-491D-46DC-88C7-D36F0AFDA481}.Debug|x86.ActiveCfg = Debug|Any CPU
		{8F7DA744-491D-46DC-88C7-D36F0AFDA481}.Debug|x86.Build.0 = Debug|Any CPU
		{8F7DA744-491D-46DC-88C7-D36F0AFDA481}.Release|Any CPU.ActiveCfg = Release|Any CPU
		{8F7DA744-491D-46DC-88C7-D36F0AFDA481}.Release|Any CPU.Build.0 = Release|Any CPU
		{8F7DA744-491D-46DC-88C7-D36F0AFDA481}.Release|ARM.ActiveCfg = Release|Any CPU
		{8F7DA744-491D-46DC-88C7-D36F0AFDA481}.Release|ARM.Build.0 = Release|Any CPU
		{8F7DA744-491D-46DC-88C7-D36F0AFDA481}.Release|x64.ActiveCfg = Release|Any CPU
		{8F7DA744-491D-46DC-88C7-D36F0AFDA481}.Release|x64.Build.0 = Release|Any CPU
		{8F7DA744-491D-46DC-88C7-D36F0AFDA481}.Release|x86.ActiveCfg = Release|Any CPU
		{8F7DA744-491D-46DC-88C7-D36F0AFDA481}.Release|x86.Build.0 = Release|Any CPU
		{384ED220-A952-4001-82E6-C35CE24354AE}.Debug|Any CPU.ActiveCfg = Debug|Any CPU
		{384ED220-A952-4001-82E6-C35CE24354AE}.Debug|Any CPU.Build.0 = Debug|Any CPU
		{384ED220-A952-4001-82E6-C35CE24354AE}.Debug|ARM.ActiveCfg = Debug|Any CPU
		{384ED220-A952-4001-82E6-C35CE24354AE}.Debug|ARM.Build.0 = Debug|Any CPU
		{384ED220-A952-4001-82E6-C35CE24354AE}.Debug|x64.ActiveCfg = Debug|Any CPU
		{384ED220-A952-4001-82E6-C35CE24354AE}.Debug|x64.Build.0 = Debug|Any CPU
		{384ED220-A952-4001-82E6-C35CE24354AE}.Debug|x86.ActiveCfg = Debug|Any CPU
		{384ED220-A952-4001-82E6-C35CE24354AE}.Debug|x86.Build.0 = Debug|Any CPU
		{384ED220-A952-4001-82E6-C35CE24354AE}.Release|Any CPU.ActiveCfg = Release|Any CPU
		{384ED220-A952-4001-82E6-C35CE24354AE}.Release|Any CPU.Build.0 = Release|Any CPU
		{384ED220-A952-4001-82E6-C35CE24354AE}.Release|ARM.ActiveCfg = Release|Any CPU
		{384ED220-A952-4001-82E6-C35CE24354AE}.Release|ARM.Build.0 = Release|Any CPU
		{384ED220-A952-4001-82E6-C35CE24354AE}.Release|x64.ActiveCfg = Release|Any CPU
		{384ED220-A952-4001-82E6-C35CE24354AE}.Release|x64.Build.0 = Release|Any CPU
		{384ED220-A952-4001-82E6-C35CE24354AE}.Release|x86.ActiveCfg = Release|Any CPU
		{384ED220-A952-4001-82E6-C35CE24354AE}.Release|x86.Build.0 = Release|Any CPU
		{897D8861-E129-495F-AAD8-82FC21BF4408}.Debug|Any CPU.ActiveCfg = Debug|Any CPU
		{897D8861-E129-495F-AAD8-82FC21BF4408}.Debug|Any CPU.Build.0 = Debug|Any CPU
		{897D8861-E129-495F-AAD8-82FC21BF4408}.Debug|ARM.ActiveCfg = Debug|Any CPU
		{897D8861-E129-495F-AAD8-82FC21BF4408}.Debug|ARM.Build.0 = Debug|Any CPU
		{897D8861-E129-495F-AAD8-82FC21BF4408}.Debug|x64.ActiveCfg = Debug|Any CPU
		{897D8861-E129-495F-AAD8-82FC21BF4408}.Debug|x64.Build.0 = Debug|Any CPU
		{897D8861-E129-495F-AAD8-82FC21BF4408}.Debug|x86.ActiveCfg = Debug|Any CPU
		{897D8861-E129-495F-AAD8-82FC21BF4408}.Debug|x86.Build.0 = Debug|Any CPU
		{897D8861-E129-495F-AAD8-82FC21BF4408}.Release|Any CPU.ActiveCfg = Release|Any CPU
		{897D8861-E129-495F-AAD8-82FC21BF4408}.Release|Any CPU.Build.0 = Release|Any CPU
		{897D8861-E129-495F-AAD8-82FC21BF4408}.Release|ARM.ActiveCfg = Release|Any CPU
		{897D8861-E129-495F-AAD8-82FC21BF4408}.Release|ARM.Build.0 = Release|Any CPU
		{897D8861-E129-495F-AAD8-82FC21BF4408}.Release|x64.ActiveCfg = Release|Any CPU
		{897D8861-E129-495F-AAD8-82FC21BF4408}.Release|x64.Build.0 = Release|Any CPU
		{897D8861-E129-495F-AAD8-82FC21BF4408}.Release|x86.ActiveCfg = Release|Any CPU
		{897D8861-E129-495F-AAD8-82FC21BF4408}.Release|x86.Build.0 = Release|Any CPU
		{1CBC6194-19A7-4162-811E-3A565A8B51EA}.Debug|Any CPU.ActiveCfg = Debug|Any CPU
		{1CBC6194-19A7-4162-811E-3A565A8B51EA}.Debug|Any CPU.Build.0 = Debug|Any CPU
		{1CBC6194-19A7-4162-811E-3A565A8B51EA}.Debug|ARM.ActiveCfg = Debug|Any CPU
		{1CBC6194-19A7-4162-811E-3A565A8B51EA}.Debug|ARM.Build.0 = Debug|Any CPU
		{1CBC6194-19A7-4162-811E-3A565A8B51EA}.Debug|x64.ActiveCfg = Debug|Any CPU
		{1CBC6194-19A7-4162-811E-3A565A8B51EA}.Debug|x64.Build.0 = Debug|Any CPU
		{1CBC6194-19A7-4162-811E-3A565A8B51EA}.Debug|x86.ActiveCfg = Debug|Any CPU
		{1CBC6194-19A7-4162-811E-3A565A8B51EA}.Debug|x86.Build.0 = Debug|Any CPU
		{1CBC6194-19A7-4162-811E-3A565A8B51EA}.Release|Any CPU.ActiveCfg = Release|Any CPU
		{1CBC6194-19A7-4162-811E-3A565A8B51EA}.Release|Any CPU.Build.0 = Release|Any CPU
		{1CBC6194-19A7-4162-811E-3A565A8B51EA}.Release|ARM.ActiveCfg = Release|Any CPU
		{1CBC6194-19A7-4162-811E-3A565A8B51EA}.Release|ARM.Build.0 = Release|Any CPU
		{1CBC6194-19A7-4162-811E-3A565A8B51EA}.Release|x64.ActiveCfg = Release|Any CPU
		{1CBC6194-19A7-4162-811E-3A565A8B51EA}.Release|x64.Build.0 = Release|Any CPU
		{1CBC6194-19A7-4162-811E-3A565A8B51EA}.Release|x86.ActiveCfg = Release|Any CPU
		{1CBC6194-19A7-4162-811E-3A565A8B51EA}.Release|x86.Build.0 = Release|Any CPU
	EndGlobalSection
	GlobalSection(SolutionProperties) = preSolution
		HideSolutionNode = FALSE
	EndGlobalSection
	GlobalSection(NestedProjects) = preSolution
		{8F7DA744-491D-46DC-88C7-D36F0AFDA481} = {A52DC26C-F57C-4044-B0FE-8B48748F60AE}
		{384ED220-A952-4001-82E6-C35CE24354AE} = {88991D07-FD45-4A9B-B914-F2A120F13A5A}
		{897D8861-E129-495F-AAD8-82FC21BF4408} = {88991D07-FD45-4A9B-B914-F2A120F13A5A}
		{1CBC6194-19A7-4162-811E-3A565A8B51EA} = {66A24DCA-CCAC-41F0-84CD-823658C02098}
	EndGlobalSection
EndGlobal
